
Microsoft Visual Studio Solution File, Format Version 12.00
# Visual Studio 15
VisualStudioVersion = 15.0.27004.2008
MinimumVisualStudioVersion = 10.0.40219.1
Project("{FAE04EC0-301F-11D3-BF4B-00C04F79EFBC}") = "ConsoleApp", "ConsoleApp\ConsoleApp.csproj", "{B32910C9-9F61-4323-A215-14F0EAE69F2A}"
EndProject
Project("{FAE04EC0-301F-11D3-BF4B-00C04F79EFBC}") = "28.Visitor", "Visitor\28.Visitor.csproj", "{874C0AE4-B756-4D88-A260-07BBA9C95FD0}"
EndProject
Project("{FAE04EC0-301F-11D3-BF4B-00C04F79EFBC}") = "27.Interpreter", "27.Interpreter\27.Interpreter.csproj", "{829DE9E4-C42B-432C-A5FE-6BADDC7642CB}"
EndProject
Project("{FAE04EC0-301F-11D3-BF4B-00C04F79EFBC}") = "26.Flyweight", "26.Flyweight\26.Flyweight.csproj", "{31BAF57B-E388-40B3-B95E-4AA2CBFECBDA}"
EndProject
Project("{FAE04EC0-301F-11D3-BF4B-00C04F79EFBC}") = "25.Mediator", "25.Mediator\25.Mediator.csproj", "{124E197D-1F4D-47F1-ABED-62D16CA72924}"
EndProject
Project("{FAE04EC0-301F-11D3-BF4B-00C04F79EFBC}") = "24.ChainOfResposibility", "24.ChainOfResposibility\24.ChainOfResposibility.csproj", "{E1B2333A-41AC-49D7-8E1E-85BCDF032FF3}"
EndProject
Project("{FAE04EC0-301F-11D3-BF4B-00C04F79EFBC}") = "23.Command", "23.Command\23.Command.csproj", "{DE0AB667-C674-46E0-A36F-519529138D65}"
EndProject
Project("{FAE04EC0-301F-11D3-BF4B-00C04F79EFBC}") = "21.Singleton", "21.Singleton\21.Singleton.csproj", "{B0C71068-87F5-43E9-A154-24A56E98DD39}"
EndProject
Project("{FAE04EC0-301F-11D3-BF4B-00C04F79EFBC}") = "20.Iterator", "20.Iterator\20.Iterator.csproj", "{594C018A-CF93-457B-BB64-3E506F204828}"
EndProject
Project("{FAE04EC0-301F-11D3-BF4B-00C04F79EFBC}") = "22.Bridge", "Bridge\22.Bridge.csproj", "{FAEE504A-A860-40C9-BF4B-40CA21253BC3}"
EndProject
Project("{FAE04EC0-301F-11D3-BF4B-00C04F79EFBC}") = "01.SimpleFactory", "1.SimpleFactory\01.SimpleFactory.csproj", "{FF9891A1-A4DD-4B71-A01C-8D68EEC669B2}"
EndProject
Project("{FAE04EC0-301F-11D3-BF4B-00C04F79EFBC}") = "02.Strategy", "Stragety\02.Strategy.csproj", "{3EBE5F6F-3B0E-4F9F-AD7E-1BE59B4DB8EB}"
EndProject
Project("{FAE04EC0-301F-11D3-BF4B-00C04F79EFBC}") = "03.SRP", "3.SRP\03.SRP.csproj", "{2F8B76B1-6181-4DEC-9BEE-798D708B4E5B}"
EndProject
Project("{FAE04EC0-301F-11D3-BF4B-00C04F79EFBC}") = "04.OCP", "04.OCP\04.OCP.csproj", "{A54946E8-C6FA-40FC-A534-6CBDF73DA99A}"
EndProject
Project("{FAE04EC0-301F-11D3-BF4B-00C04F79EFBC}") = "05.DIP", "05.DIP\05.DIP.csproj", "{961DC149-6593-48E3-A053-C10B56F8DFE4}"
EndProject
Project("{FAE04EC0-301F-11D3-BF4B-00C04F79EFBC}") = "06.Decorator", "06.Decorator\06.Decorator.csproj", "{ED065519-6798-45E3-B638-13C4165C1B0E}"
EndProject
Project("{FAE04EC0-301F-11D3-BF4B-00C04F79EFBC}") = "07.Proxy", "07.Proxy\07.Proxy.csproj", "{CB789BF5-86C9-42DF-A82E-5D676F2AC9E5}"
EndProject
Project("{FAE04EC0-301F-11D3-BF4B-00C04F79EFBC}") = "08.FactoryMethod", "08.FactoryMethod\08.FactoryMethod.csproj", "{D445CBDF-CAC8-445D-8A85-9E3C4D3804F0}"
EndProject
Project("{FAE04EC0-301F-11D3-BF4B-00C04F79EFBC}") = "09.Prototype", "09.Prototype\09.Prototype.csproj", "{862F17E9-AFD9-4607-AC2B-112273A414B0}"
EndProject
Project("{FAE04EC0-301F-11D3-BF4B-00C04F79EFBC}") = "10.TemplateMethod", "10.TemplateMethod\10.TemplateMethod.csproj", "{F1422C85-9658-4185-B581-55B1022C503B}"
EndProject
Project("{FAE04EC0-301F-11D3-BF4B-00C04F79EFBC}") = "11.LoD", "11.LoD\11.LoD.csproj", "{3F235032-BCBE-4B5C-9009-5CCA0A1DDE16}"
EndProject
Project("{FAE04EC0-301F-11D3-BF4B-00C04F79EFBC}") = "12.Facade", "12.Facade\12.Facade.csproj", "{C45A0A02-8941-4B6B-A7B7-1661AD18D2BA}"
EndProject
Project("{FAE04EC0-301F-11D3-BF4B-00C04F79EFBC}") = "13.Builder", "13.Build\13.Builder.csproj", "{B4DA2AAC-6149-430A-82B5-8075FE12E426}"
EndProject
Project("{FAE04EC0-301F-11D3-BF4B-00C04F79EFBC}") = "14.Observer", "14.Observer\14.Observer.csproj", "{0B40E4EC-E0DD-4185-A87C-C3D521338D46}"
EndProject
Project("{FAE04EC0-301F-11D3-BF4B-00C04F79EFBC}") = "15.AbstractFactory", "15.AbstractFactory\15.AbstractFactory.csproj", "{2E97AD33-8409-4BB9-8E16-F9CC61DD267C}"
EndProject
Project("{FAE04EC0-301F-11D3-BF4B-00C04F79EFBC}") = "16.State", "16.State\16.State.csproj", "{1CA1571A-73E4-43CE-95DC-64F6E77688CA}"
EndProject
Project("{FAE04EC0-301F-11D3-BF4B-00C04F79EFBC}") = "17.Adapter", "17.Adapter\17.Adapter.csproj", "{5DA3382E-CA55-44A1-82B1-B5B973EBDB39}"
EndProject
Project("{FAE04EC0-301F-11D3-BF4B-00C04F79EFBC}") = "18.Memento", "19.Originator\18.Memento.csproj", "{DF96916A-F014-403F-9865-B0FB718DD097}"
EndProject
Project("{FAE04EC0-301F-11D3-BF4B-00C04F79EFBC}") = "19.Composite", "19.Composite\19.Composite.csproj", "{3EEFE7AD-6B80-4976-A07D-CC696C68614C}"
EndProject
Global
	GlobalSection(SolutionConfigurationPlatforms) = preSolution
		Debug|Any CPU = Debug|Any CPU
		Release|Any CPU = Release|Any CPU
	EndGlobalSection
	GlobalSection(ProjectConfigurationPlatforms) = postSolution
		{B32910C9-9F61-4323-A215-14F0EAE69F2A}.Debug|Any CPU.ActiveCfg = Debug|Any CPU
		{B32910C9-9F61-4323-A215-14F0EAE69F2A}.Debug|Any CPU.Build.0 = Debug|Any CPU
		{B32910C9-9F61-4323-A215-14F0EAE69F2A}.Release|Any CPU.ActiveCfg = Release|Any CPU
		{B32910C9-9F61-4323-A215-14F0EAE69F2A}.Release|Any CPU.Build.0 = Release|Any CPU
		{874C0AE4-B756-4D88-A260-07BBA9C95FD0}.Debug|Any CPU.ActiveCfg = Debug|Any CPU
		{874C0AE4-B756-4D88-A260-07BBA9C95FD0}.Debug|Any CPU.Build.0 = Debug|Any CPU
		{874C0AE4-B756-4D88-A260-07BBA9C95FD0}.Release|Any CPU.ActiveCfg = Release|Any CPU
		{874C0AE4-B756-4D88-A260-07BBA9C95FD0}.Release|Any CPU.Build.0 = Release|Any CPU
		{829DE9E4-C42B-432C-A5FE-6BADDC7642CB}.Debug|Any CPU.ActiveCfg = Debug|Any CPU
		{829DE9E4-C42B-432C-A5FE-6BADDC7642CB}.Debug|Any CPU.Build.0 = Debug|Any CPU
		{829DE9E4-C42B-432C-A5FE-6BADDC7642CB}.Release|Any CPU.ActiveCfg = Release|Any CPU
		{829DE9E4-C42B-432C-A5FE-6BADDC7642CB}.Release|Any CPU.Build.0 = Release|Any CPU
		{31BAF57B-E388-40B3-B95E-4AA2CBFECBDA}.Debug|Any CPU.ActiveCfg = Debug|Any CPU
		{31BAF57B-E388-40B3-B95E-4AA2CBFECBDA}.Debug|Any CPU.Build.0 = Debug|Any CPU
		{31BAF57B-E388-40B3-B95E-4AA2CBFECBDA}.Release|Any CPU.ActiveCfg = Release|Any CPU
		{31BAF57B-E388-40B3-B95E-4AA2CBFECBDA}.Release|Any CPU.Build.0 = Release|Any CPU
		{124E197D-1F4D-47F1-ABED-62D16CA72924}.Debug|Any CPU.ActiveCfg = Debug|Any CPU
		{124E197D-1F4D-47F1-ABED-62D16CA72924}.Debug|Any CPU.Build.0 = Debug|Any CPU
		{124E197D-1F4D-47F1-ABED-62D16CA72924}.Release|Any CPU.ActiveCfg = Release|Any CPU
		{124E197D-1F4D-47F1-ABED-62D16CA72924}.Release|Any CPU.Build.0 = Release|Any CPU
		{E1B2333A-41AC-49D7-8E1E-85BCDF032FF3}.Debug|Any CPU.ActiveCfg = Debug|Any CPU
		{E1B2333A-41AC-49D7-8E1E-85BCDF032FF3}.Debug|Any CPU.Build.0 = Debug|Any CPU
		{E1B2333A-41AC-49D7-8E1E-85BCDF032FF3}.Release|Any CPU.ActiveCfg = Release|Any CPU
		{E1B2333A-41AC-49D7-8E1E-85BCDF032FF3}.Release|Any CPU.Build.0 = Release|Any CPU
		{DE0AB667-C674-46E0-A36F-519529138D65}.Debug|Any CPU.ActiveCfg = Debug|Any CPU
		{DE0AB667-C674-46E0-A36F-519529138D65}.Debug|Any CPU.Build.0 = Debug|Any CPU
		{DE0AB667-C674-46E0-A36F-519529138D65}.Release|Any CPU.ActiveCfg = Release|Any CPU
		{DE0AB667-C674-46E0-A36F-519529138D65}.Release|Any CPU.Build.0 = Release|Any CPU
		{B0C71068-87F5-43E9-A154-24A56E98DD39}.Debug|Any CPU.ActiveCfg = Debug|Any CPU
		{B0C71068-87F5-43E9-A154-24A56E98DD39}.Debug|Any CPU.Build.0 = Debug|Any CPU
		{B0C71068-87F5-43E9-A154-24A56E98DD39}.Release|Any CPU.ActiveCfg = Release|Any CPU
		{B0C71068-87F5-43E9-A154-24A56E98DD39}.Release|Any CPU.Build.0 = Release|Any CPU
		{594C018A-CF93-457B-BB64-3E506F204828}.Debug|Any CPU.ActiveCfg = Debug|Any CPU
		{594C018A-CF93-457B-BB64-3E506F204828}.Debug|Any CPU.Build.0 = Debug|Any CPU
		{594C018A-CF93-457B-BB64-3E506F204828}.Release|Any CPU.ActiveCfg = Release|Any CPU
		{594C018A-CF93-457B-BB64-3E506F204828}.Release|Any CPU.Build.0 = Release|Any CPU
		{FAEE504A-A860-40C9-BF4B-40CA21253BC3}.Debug|Any CPU.ActiveCfg = Debug|Any CPU
		{FAEE504A-A860-40C9-BF4B-40CA21253BC3}.Debug|Any CPU.Build.0 = Debug|Any CPU
		{FAEE504A-A860-40C9-BF4B-40CA21253BC3}.Release|Any CPU.ActiveCfg = Release|Any CPU
		{FAEE504A-A860-40C9-BF4B-40CA21253BC3}.Release|Any CPU.Build.0 = Release|Any CPU
		{FF9891A1-A4DD-4B71-A01C-8D68EEC669B2}.Debug|Any CPU.ActiveCfg = Debug|Any CPU
		{FF9891A1-A4DD-4B71-A01C-8D68EEC669B2}.Debug|Any CPU.Build.0 = Debug|Any CPU
		{FF9891A1-A4DD-4B71-A01C-8D68EEC669B2}.Release|Any CPU.ActiveCfg = Release|Any CPU
		{FF9891A1-A4DD-4B71-A01C-8D68EEC669B2}.Release|Any CPU.Build.0 = Release|Any CPU
		{3EBE5F6F-3B0E-4F9F-AD7E-1BE59B4DB8EB}.Debug|Any CPU.ActiveCfg = Debug|Any CPU
		{3EBE5F6F-3B0E-4F9F-AD7E-1BE59B4DB8EB}.Debug|Any CPU.Build.0 = Debug|Any CPU
		{3EBE5F6F-3B0E-4F9F-AD7E-1BE59B4DB8EB}.Release|Any CPU.ActiveCfg = Release|Any CPU
		{3EBE5F6F-3B0E-4F9F-AD7E-1BE59B4DB8EB}.Release|Any CPU.Build.0 = Release|Any CPU
		{2F8B76B1-6181-4DEC-9BEE-798D708B4E5B}.Debug|Any CPU.ActiveCfg = Debug|Any CPU
		{2F8B76B1-6181-4DEC-9BEE-798D708B4E5B}.Debug|Any CPU.Build.0 = Debug|Any CPU
		{2F8B76B1-6181-4DEC-9BEE-798D708B4E5B}.Release|Any CPU.ActiveCfg = Release|Any CPU
		{2F8B76B1-6181-4DEC-9BEE-798D708B4E5B}.Release|Any CPU.Build.0 = Release|Any CPU
		{A54946E8-C6FA-40FC-A534-6CBDF73DA99A}.Debug|Any CPU.ActiveCfg = Debug|Any CPU
		{A54946E8-C6FA-40FC-A534-6CBDF73DA99A}.Debug|Any CPU.Build.0 = Debug|Any CPU
		{A54946E8-C6FA-40FC-A534-6CBDF73DA99A}.Release|Any CPU.ActiveCfg = Release|Any CPU
		{A54946E8-C6FA-40FC-A534-6CBDF73DA99A}.Release|Any CPU.Build.0 = Release|Any CPU
		{961DC149-6593-48E3-A053-C10B56F8DFE4}.Debug|Any CPU.ActiveCfg = Debug|Any CPU
		{961DC149-6593-48E3-A053-C10B56F8DFE4}.Debug|Any CPU.Build.0 = Debug|Any CPU
		{961DC149-6593-48E3-A053-C10B56F8DFE4}.Release|Any CPU.ActiveCfg = Release|Any CPU
		{961DC149-6593-48E3-A053-C10B56F8DFE4}.Release|Any CPU.Build.0 = Release|Any CPU
		{ED065519-6798-45E3-B638-13C4165C1B0E}.Debug|Any CPU.ActiveCfg = Debug|Any CPU
		{ED065519-6798-45E3-B638-13C4165C1B0E}.Debug|Any CPU.Build.0 = Debug|Any CPU
		{ED065519-6798-45E3-B638-13C4165C1B0E}.Release|Any CPU.ActiveCfg = Release|Any CPU
		{ED065519-6798-45E3-B638-13C4165C1B0E}.Release|Any CPU.Build.0 = Release|Any CPU
		{CB789BF5-86C9-42DF-A82E-5D676F2AC9E5}.Debug|Any CPU.ActiveCfg = Debug|Any CPU
		{CB789BF5-86C9-42DF-A82E-5D676F2AC9E5}.Debug|Any CPU.Build.0 = Debug|Any CPU
		{CB789BF5-86C9-42DF-A82E-5D676F2AC9E5}.Release|Any CPU.ActiveCfg = Release|Any CPU
		{CB789BF5-86C9-42DF-A82E-5D676F2AC9E5}.Release|Any CPU.Build.0 = Release|Any CPU
		{D445CBDF-CAC8-445D-8A85-9E3C4D3804F0}.Debug|Any CPU.ActiveCfg = Debug|Any CPU
		{D445CBDF-CAC8-445D-8A85-9E3C4D3804F0}.Debug|Any CPU.Build.0 = Debug|Any CPU
		{D445CBDF-CAC8-445D-8A85-9E3C4D3804F0}.Release|Any CPU.ActiveCfg = Release|Any CPU
		{D445CBDF-CAC8-445D-8A85-9E3C4D3804F0}.Release|Any CPU.Build.0 = Release|Any CPU
		{862F17E9-AFD9-4607-AC2B-112273A414B0}.Debug|Any CPU.ActiveCfg = Debug|Any CPU
		{862F17E9-AFD9-4607-AC2B-112273A414B0}.Debug|Any CPU.Build.0 = Debug|Any CPU
		{862F17E9-AFD9-4607-AC2B-112273A414B0}.Release|Any CPU.ActiveCfg = Release|Any CPU
		{862F17E9-AFD9-4607-AC2B-112273A414B0}.Release|Any CPU.Build.0 = Release|Any CPU
		{F1422C85-9658-4185-B581-55B1022C503B}.Debug|Any CPU.ActiveCfg = Debug|Any CPU
		{F1422C85-9658-4185-B581-55B1022C503B}.Debug|Any CPU.Build.0 = Debug|Any CPU
		{F1422C85-9658-4185-B581-55B1022C503B}.Release|Any CPU.ActiveCfg = Release|Any CPU
		{F1422C85-9658-4185-B581-55B1022C503B}.Release|Any CPU.Build.0 = Release|Any CPU
		{3F235032-BCBE-4B5C-9009-5CCA0A1DDE16}.Debug|Any CPU.ActiveCfg = Debug|Any CPU
		{3F235032-BCBE-4B5C-9009-5CCA0A1DDE16}.Debug|Any CPU.Build.0 = Debug|Any CPU
		{3F235032-BCBE-4B5C-9009-5CCA0A1DDE16}.Release|Any CPU.ActiveCfg = Release|Any CPU
		{3F235032-BCBE-4B5C-9009-5CCA0A1DDE16}.Release|Any CPU.Build.0 = Release|Any CPU
		{C45A0A02-8941-4B6B-A7B7-1661AD18D2BA}.Debug|Any CPU.ActiveCfg = Debug|Any CPU
		{C45A0A02-8941-4B6B-A7B7-1661AD18D2BA}.Debug|Any CPU.Build.0 = Debug|Any CPU
		{C45A0A02-8941-4B6B-A7B7-1661AD18D2BA}.Release|Any CPU.ActiveCfg = Release|Any CPU
		{C45A0A02-8941-4B6B-A7B7-1661AD18D2BA}.Release|Any CPU.Build.0 = Release|Any CPU
		{B4DA2AAC-6149-430A-82B5-8075FE12E426}.Debug|Any CPU.ActiveCfg = Debug|Any CPU
		{B4DA2AAC-6149-430A-82B5-8075FE12E426}.Debug|Any CPU.Build.0 = Debug|Any CPU
		{B4DA2AAC-6149-430A-82B5-8075FE12E426}.Release|Any CPU.ActiveCfg = Release|Any CPU
		{B4DA2AAC-6149-430A-82B5-8075FE12E426}.Release|Any CPU.Build.0 = Release|Any CPU
		{0B40E4EC-E0DD-4185-A87C-C3D521338D46}.Debug|Any CPU.ActiveCfg = Debug|Any CPU
		{0B40E4EC-E0DD-4185-A87C-C3D521338D46}.Debug|Any CPU.Build.0 = Debug|Any CPU
		{0B40E4EC-E0DD-4185-A87C-C3D521338D46}.Release|Any CPU.ActiveCfg = Release|Any CPU
		{0B40E4EC-E0DD-4185-A87C-C3D521338D46}.Release|Any CPU.Build.0 = Release|Any CPU
		{2E97AD33-8409-4BB9-8E16-F9CC61DD267C}.Debug|Any CPU.ActiveCfg = Debug|Any CPU
		{2E97AD33-8409-4BB9-8E16-F9CC61DD267C}.Debug|Any CPU.Build.0 = Debug|Any CPU
		{2E97AD33-8409-4BB9-8E16-F9CC61DD267C}.Release|Any CPU.ActiveCfg = Release|Any CPU
		{2E97AD33-8409-4BB9-8E16-F9CC61DD267C}.Release|Any CPU.Build.0 = Release|Any CPU
		{1CA1571A-73E4-43CE-95DC-64F6E77688CA}.Debug|Any CPU.ActiveCfg = Debug|Any CPU
		{1CA1571A-73E4-43CE-95DC-64F6E77688CA}.Debug|Any CPU.Build.0 = Debug|Any CPU
		{1CA1571A-73E4-43CE-95DC-64F6E77688CA}.Release|Any CPU.ActiveCfg = Release|Any CPU
		{1CA1571A-73E4-43CE-95DC-64F6E77688CA}.Release|Any CPU.Build.0 = Release|Any CPU
		{5DA3382E-CA55-44A1-82B1-B5B973EBDB39}.Debug|Any CPU.ActiveCfg = Debug|Any CPU
		{5DA3382E-CA55-44A1-82B1-B5B973EBDB39}.Debug|Any CPU.Build.0 = Debug|Any CPU
		{5DA3382E-CA55-44A1-82B1-B5B973EBDB39}.Release|Any CPU.ActiveCfg = Release|Any CPU
		{5DA3382E-CA55-44A1-82B1-B5B973EBDB39}.Release|Any CPU.Build.0 = Release|Any CPU
		{DF96916A-F014-403F-9865-B0FB718DD097}.Debug|Any CPU.ActiveCfg = Debug|Any CPU
		{DF96916A-F014-403F-9865-B0FB718DD097}.Debug|Any CPU.Build.0 = Debug|Any CPU
		{DF96916A-F014-403F-9865-B0FB718DD097}.Release|Any CPU.ActiveCfg = Release|Any CPU
		{DF96916A-F014-403F-9865-B0FB718DD097}.Release|Any CPU.Build.0 = Release|Any CPU
		{3EEFE7AD-6B80-4976-A07D-CC696C68614C}.Debug|Any CPU.ActiveCfg = Debug|Any CPU
		{3EEFE7AD-6B80-4976-A07D-CC696C68614C}.Debug|Any CPU.Build.0 = Debug|Any CPU
		{3EEFE7AD-6B80-4976-A07D-CC696C68614C}.Release|Any CPU.ActiveCfg = Release|Any CPU
		{3EEFE7AD-6B80-4976-A07D-CC696C68614C}.Release|Any CPU.Build.0 = Release|Any CPU
	EndGlobalSection
	GlobalSection(SolutionProperties) = preSolution
		HideSolutionNode = FALSE
	EndGlobalSection
	GlobalSection(ExtensibilityGlobals) = postSolution
		SolutionGuid = {3C2B50CE-2390-4FEF-B2A6-D30C5EA1C7DB}
	EndGlobalSection
EndGlobal
